{
  "lockfileVersion": 1,
  "workspaces": {
    "": {
      "name": "sendkit-workspace",
    },
    "packages/cli": {
      "name": "sendkit",
      "version": "0.0.0",
      "dependencies": {
        "commander": "^15.0.0",
        "sendkit-core": "workspace:*",
      },
      "devDependencies": {
        "@types/node": "^25.9.1",
      },
    },
    "packages/core": {
      "name": "sendkit-core",
      "version": "0.0.0",
      "dependencies": {
        "zod": "^4.4.3",
      },
    },
  },
  "packages": {
    "@types/node": ["@types/node@25.9.1", "", { "dependencies": { "undici-types": ">=7.24.0 <7.24.7" } }, "sha512-xfrlY7UD5rMJk3ZVJP8BNzS28J36YJg+xp+LPXV1TdWxr8uMH5A860QNxYDGQe/ylDSgjxE52Q9VnO7p75tJxg=="],

    "commander": ["commander@15.0.0", "", {}, "sha512-z67u4ZhzCL/Tydu1lJARtEZYWbWaN7oYLHbsuzocr6y4N6WZAagG3RQ4FW61V1/0+jImpj293XfrcYnd1qxtPg=="],

    "sendkit": ["sendkit@workspace:packages/cli"],

    "sendkit-core": ["sendkit-core@workspace:packages/core"],

    "undici-types": ["undici-types@7.24.6", "", {}, "sha512-WRNW+sJgj5OBN4/0JpHFqtqzhpbnV0GuB+OozA9gCL7a993SmU+1JBZCzLNxYsbMfIeDL+lTsphD5jN5N+n0zg=="],

    "zod": ["zod@4.4.3", "", {}, "sha512-ytENFjIJFl2UwYglde2jchW2Hwm4GJFLDiSXWdTrJQBIN9Fcyp7n4DhxJEiWNAJMV1/BqWfW/kkg71UDcHJyTQ=="],
  }
}
